
Microsoft Visual Studio Solution File, Format Version 12.00
# Visual Studio Version 17
VisualStudioVersion = 17.7.34031.279
MinimumVisualStudioVersion = 10.0.40219.1
Project("{FAE04EC0-301F-11D3-BF4B-00C04F79EFBC}") = "WebSocketTrisServer", "WebSocketTrisServer\WebSocketTrisServer.csproj", "{35D3DBC2-7D1A-4A5C-B7D7-53F69A4249CD}"
EndProject
Global
	GlobalSection(SolutionConfigurationPlatforms) = preSolution
		Debug|Any CPU = Debug|Any CPU
		Release|Any CPU = Release|Any CPU
	EndGlobalSection
	GlobalSection(ProjectConfigurationPlatforms) = postSolution
		{35D3DBC2-7D1A-4A5C-B7D7-53F69A4249CD}.Debug|Any CPU.ActiveCfg = Debug|Any CPU
		{35D3DBC2-7D1A-4A5C-B7D7-53F69A4249CD}.Debug|Any CPU.Build.0 = Debug|Any CPU
		{35D3DBC2-7D1A-4A5C-B7D7-53F69A4249CD}.Release|Any CPU.ActiveCfg = Release|Any CPU
		{35D3DBC2-7D1A-4A5C-B7D7-53F69A4249CD}.Release|Any CPU.Build.0 = Release|Any CPU
	EndGlobalSection
	GlobalSection(SolutionProperties) = preSolution
		HideSolutionNode = FALSE
	EndGlobalSection
	GlobalSection(ExtensibilityGlobals) = postSolution
		SolutionGuid = {1EA9C7F2-4AE3-4145-8702-784E40E54555}
	EndGlobalSection
EndGlobal
