
Microsoft Visual Studio Solution File, Format Version 12.00
# Visual Studio Version 17
VisualStudioVersion = 17.7.34031.279
MinimumVisualStudioVersion = 10.0.40219.1
Project("{9A19103F-16F7-4668-BE54-9A1E7A4F7556}") = "WebSocketTrisServer", "WebSocketTrisServer\WebSocketTrisServer.csproj", "{35D3DBC2-7D1A-4A5C-B7D7-53F69A4249CD}"
EndProject
Project("{9A19103F-16F7-4668-BE54-9A1E7A4F7556}") = "Client", "Client\Client.csproj", "{91E13BB6-E1B1-480B-A2D5-CFA878D245D5}"
EndProject
Project("{9A19103F-16F7-4668-BE54-9A1E7A4F7556}") = "Client_2", "Client_2\Client_2.csproj", "{D3FDC525-41B7-46B0-BAB3-DC9A05D0B981}"
EndProject
Project("{9A19103F-16F7-4668-BE54-9A1E7A4F7556}") = "ClientView", "TrisAppConsole\ClientView.csproj", "{B6A410C3-5BA5-4802-B9A2-A4E57DD52DF0}"
EndProject
Global
	GlobalSection(SolutionConfigurationPlatforms) = preSolution
		Debug|Any CPU = Debug|Any CPU
		Release|Any CPU = Release|Any CPU
	EndGlobalSection
	GlobalSection(ProjectConfigurationPlatforms) = postSolution
		{35D3DBC2-7D1A-4A5C-B7D7-53F69A4249CD}.Debug|Any CPU.ActiveCfg = Debug|Any CPU
		{35D3DBC2-7D1A-4A5C-B7D7-53F69A4249CD}.Debug|Any CPU.Build.0 = Debug|Any CPU
		{35D3DBC2-7D1A-4A5C-B7D7-53F69A4249CD}.Release|Any CPU.ActiveCfg = Release|Any CPU
		{35D3DBC2-7D1A-4A5C-B7D7-53F69A4249CD}.Release|Any CPU.Build.0 = Release|Any CPU
		{91E13BB6-E1B1-480B-A2D5-CFA878D245D5}.Debug|Any CPU.ActiveCfg = Debug|Any CPU
		{91E13BB6-E1B1-480B-A2D5-CFA878D245D5}.Debug|Any CPU.Build.0 = Debug|Any CPU
		{91E13BB6-E1B1-480B-A2D5-CFA878D245D5}.Release|Any CPU.ActiveCfg = Release|Any CPU
		{91E13BB6-E1B1-480B-A2D5-CFA878D245D5}.Release|Any CPU.Build.0 = Release|Any CPU
		{D3FDC525-41B7-46B0-BAB3-DC9A05D0B981}.Debug|Any CPU.ActiveCfg = Debug|Any CPU
		{D3FDC525-41B7-46B0-BAB3-DC9A05D0B981}.Debug|Any CPU.Build.0 = Debug|Any CPU
		{D3FDC525-41B7-46B0-BAB3-DC9A05D0B981}.Release|Any CPU.ActiveCfg = Release|Any CPU
		{D3FDC525-41B7-46B0-BAB3-DC9A05D0B981}.Release|Any CPU.Build.0 = Release|Any CPU
		{B6A410C3-5BA5-4802-B9A2-A4E57DD52DF0}.Debug|Any CPU.ActiveCfg = Debug|Any CPU
		{B6A410C3-5BA5-4802-B9A2-A4E57DD52DF0}.Debug|Any CPU.Build.0 = Debug|Any CPU
		{B6A410C3-5BA5-4802-B9A2-A4E57DD52DF0}.Release|Any CPU.ActiveCfg = Release|Any CPU
		{B6A410C3-5BA5-4802-B9A2-A4E57DD52DF0}.Release|Any CPU.Build.0 = Release|Any CPU
	EndGlobalSection
	GlobalSection(SolutionProperties) = preSolution
		HideSolutionNode = FALSE
	EndGlobalSection
	GlobalSection(ExtensibilityGlobals) = postSolution
		SolutionGuid = {1EA9C7F2-4AE3-4145-8702-784E40E54555}
	EndGlobalSection
EndGlobal
