
Microsoft Visual Studio Solution File, Format Version 12.00
# Visual Studio Version 17
VisualStudioVersion = 17.7.34031.279
MinimumVisualStudioVersion = 10.0.40219.1
Project("{FAE04EC0-301F-11D3-BF4B-00C04F79EFBC}") = "tris_app", "tris_app\tris_app.csproj", "{B36D9870-AC63-4A11-90C2-0587D78EF078}"
EndProject
Global
	GlobalSection(SolutionConfigurationPlatforms) = preSolution
		Debug|Any CPU = Debug|Any CPU
		Release|Any CPU = Release|Any CPU
	EndGlobalSection
	GlobalSection(ProjectConfigurationPlatforms) = postSolution
		{B36D9870-AC63-4A11-90C2-0587D78EF078}.Debug|Any CPU.ActiveCfg = Debug|Any CPU
		{B36D9870-AC63-4A11-90C2-0587D78EF078}.Debug|Any CPU.Build.0 = Debug|Any CPU
		{B36D9870-AC63-4A11-90C2-0587D78EF078}.Debug|Any CPU.Deploy.0 = Debug|Any CPU
		{B36D9870-AC63-4A11-90C2-0587D78EF078}.Release|Any CPU.ActiveCfg = Release|Any CPU
		{B36D9870-AC63-4A11-90C2-0587D78EF078}.Release|Any CPU.Build.0 = Release|Any CPU
		{B36D9870-AC63-4A11-90C2-0587D78EF078}.Release|Any CPU.Deploy.0 = Release|Any CPU
	EndGlobalSection
	GlobalSection(SolutionProperties) = preSolution
		HideSolutionNode = FALSE
	EndGlobalSection
	GlobalSection(ExtensibilityGlobals) = postSolution
		SolutionGuid = {7A798C5D-CD4C-4068-829F-7ECCDC4BCB56}
	EndGlobalSection
EndGlobal
